
Microsoft Visual Studio Solution File, Format Version 12.00
# Visual Studio Version 16
VisualStudioVersion = 16.0.33927.289
MinimumVisualStudioVersion = 10.0.40219.1
Project("{2150E333-8FDC-42A3-9474-1A3956D46DE8}") = "Task0", "Task0", "{3FFF9D2F-7897-4B1A-9B96-15E90D7F5B21}"
EndProject
Project("{8BC9CEB8-8B4A-11D0-8D11-00A0C91BC942}") = "Tyuiu.sodnomovVM.Sprint0.Task0.V0", "Tyuiu.sodnomovVM.Sprint0.Task0.V0\Tyuiu.sodnomovVM.Sprint0.Task0.V0.vcxproj", "{85741924-2CC7-484D-BE4D-90388FDCE597}"
EndProject
Project("{2150E333-8FDC-42A3-9474-1A3956D46DE8}") = "task1", "task1", "{A5A3A218-3C58-4799-A343-84AE908BC6D4}"
EndProject
Project("{8BC9CEB8-8B4A-11D0-8D11-00A0C91BC942}") = "Tyuiu.sodnomovVM.Sprint0.Tusk1.V0", "Tyuiu.sodnomovVM.Sprint0.Tusk1.V0\Tyuiu.sodnomovVM.Sprint0.Tusk1.V0.vcxproj", "{818955C4-C86E-4F4D-92DC-10F5A01C469E}"
EndProject
Project("{8BC9CEB8-8B4A-11D0-8D11-00A0C91BC942}") = "Tyuiu.SodnomovVM.Sprint0.Task2.V0", "Tyuiu.SodnomovVM.Sprint0.Task2.V0\Tyuiu.SodnomovVM.Sprint0.Task2.V0.vcxproj", "{25E47B36-20A8-480D-9EFD-4D9F61BE10F5}"
EndProject
Project("{8BC9CEB8-8B4A-11D0-8D11-00A0C91BC942}") = "Tyuiu.sodnomovvm.Sprint0.Task2.V0.Lib", "Tyuiu.sodnomovvm.Sprint0.Task2.V0.Lib\Tyuiu.sodnomovvm.Sprint0.Task2.V0.Lib.vcxproj", "{EDD3EE8E-E440-4302-ABA0-DA75D6B84A86}"
EndProject
Project("{8BC9CEB8-8B4A-11D0-8D11-00A0C91BC942}") = "Tyuiu.sodnomovvm.Sprint0.Task2.V0.TEST", "Tyuiu.sodnomovvm.Sprint0.Task1.V0.TEST\Tyuiu.sodnomovvm.Sprint0.Task1.V0.TEST.vcxproj", "{A60F367E-932B-4F2A-A562-7D246A1587A9}"
EndProject
Project("{2150E333-8FDC-42A3-9474-1A3956D46DE8}") = "Task2", "Task2", "{47F76BB1-4767-4EB7-8983-30EB710EA113}"
EndProject
Project("{2150E333-8FDC-42A3-9474-1A3956D46DE8}") = "Task3", "Task3", "{A71D9D8E-4A59-4462-997F-A7BBAD09B93D}"
EndProject
Project("{8BC9CEB8-8B4A-11D0-8D11-00A0C91BC942}") = "Tyuiu.sodnomovvm.Sprint0.Tusk3V0", "Tyuiu.sodnomovvm.Sprint0.Tusk3V0\Tyuiu.sodnomovvm.Sprint0.Tusk3V0.vcxproj", "{F30EA374-E029-49AF-A384-240642F1C0C4}"
EndProject
Project("{8BC9CEB8-8B4A-11D0-8D11-00A0C91BC942}") = "Tyuiu.sodnomovvm.Sprint0.Tusk3V0.LIB", "Tyuiu.sodnomovvm.Sprint0.Tusk3V0.LIB\Tyuiu.sodnomovvm.Sprint0.Tusk3V0.LIB.vcxproj", "{46EED9F7-60B9-4BBE-A7D0-A161BC79A937}"
EndProject
Project("{8BC9CEB8-8B4A-11D0-8D11-00A0C91BC942}") = "Tyuiu.sodnomovvm.Sprint0.Tusk3V0.TEst", "Tyuiu.sodnomovvm.Sprint0.Tusk3V0.TEst\Tyuiu.sodnomovvm.Sprint0.Tusk3V0.TEst.vcxproj", "{D0637A89-9086-49E0-BFF1-00FE80305DA1}"
EndProject
Project("{2150E333-8FDC-42A3-9474-1A3956D46DE8}") = "Task4", "Task4", "{97331FFD-8030-4B23-8F60-D08E723E972D}"
EndProject
Project("{8BC9CEB8-8B4A-11D0-8D11-00A0C91BC942}") = "Tyuiu.sodnomovvm.Sprint0.Task4V0", "Tyuiu.sodnomovvm.Sprint0.Task4V0\Tyuiu.sodnomovvm.Sprint0.Task4V0.vcxproj", "{4CC26A4B-82A3-4037-8FA6-8A0FC235C536}"
EndProject
Project("{8BC9CEB8-8B4A-11D0-8D11-00A0C91BC942}") = "Tyuiu.sodnomovvm.Sprint0.Task4V0.Lib", "Tyuiu.sodnomovvm.Sprint0.Task4V0.Lib\Tyuiu.sodnomovvm.Sprint0.Task4V0.Lib.vcxproj", "{6FF5EEB4-1D01-40DA-9176-77AF408D076A}"
EndProject
Project("{8BC9CEB8-8B4A-11D0-8D11-00A0C91BC942}") = "Tyuiu.sodnomovvm.Sprint0.Task4V0.Test", "Tyuiu.sodnomovvm.Sprint0.Task4V0.Test\Tyuiu.sodnomovvm.Sprint0.Task4V0.Test.vcxproj", "{D1B6D68F-3D04-4236-B4AA-2EDCEBB60DE3}"
EndProject
Project("{2150E333-8FDC-42A3-9474-1A3956D46DE8}") = "Task5", "Task5", "{33185527-249F-4E4C-9C93-AE63EC16D34A}"
EndProject
Project("{8BC9CEB8-8B4A-11D0-8D11-00A0C91BC942}") = "Tyuiu.sodnomovvm.Sprint0.Task5V0", "Tyuiu.sodnomovvm.Sprint0.Task5V0\Tyuiu.sodnomovvm.Sprint0.Task5V0.vcxproj", "{46B32DF3-EE56-4098-A9F1-B38BD641210D}"
EndProject
Project("{8BC9CEB8-8B4A-11D0-8D11-00A0C91BC942}") = "Tyuiu.sodnomovvm.Sprint0.Task5V0.Lib", "Tyuiu.sodnomovvm.Sprint0.Task5V0.Lib\Tyuiu.sodnomovvm.Sprint0.Task5V0.Lib.vcxproj", "{9A3127A3-653D-457D-BC83-D22801AD0FAF}"
EndProject
Project("{8BC9CEB8-8B4A-11D0-8D11-00A0C91BC942}") = "Tyuiu.sodnomovvm.Sprint0.Task5V0.Test", "Tyuiu.sodnomovvm.Sprint0.Task5V0.Test\Tyuiu.sodnomovvm.Sprint0.Task5V0.Test.vcxproj", "{DED64A0C-DFD2-4A7A-B799-FD63C1372CC4}"
EndProject
Project("{2150E333-8FDC-42A3-9474-1A3956D46DE8}") = "Task6", "Task6", "{A8359AC8-DDF0-459A-9A29-9105A5A3ADAA}"
EndProject
Project("{8BC9CEB8-8B4A-11D0-8D11-00A0C91BC942}") = "Tyuiu.sodnomovvm.Sprint0.Task6V0", "Tyuiu.sodnomovvm.Sprint0.Task6V0\Tyuiu.sodnomovvm.Sprint0.Task6V0.vcxproj", "{4532569B-D07B-48B4-8116-2BCD8067CB65}"
EndProject
Project("{8BC9CEB8-8B4A-11D0-8D11-00A0C91BC942}") = "Tyuiu.sodnomovvm.Sprint0.Task6V0.Lib", "Tyuiu.sodnomovvm.Sprint0.Task6V0.Lib\Tyuiu.sodnomovvm.Sprint0.Task6V0.Lib.vcxproj", "{634F8307-D809-4033-92B4-963212E0DB06}"
EndProject
Project("{8BC9CEB8-8B4A-11D0-8D11-00A0C91BC942}") = "Tyuiu.sodnomovvm.Sprint0.Task6V0.Test", "Tyuiu.sodnomovvm.Sprint0.Task6V0.Test\Tyuiu.sodnomovvm.Sprint0.Task6V0.Test.vcxproj", "{D6900AF6-C945-4013-A291-4C26F0856E56}"
EndProject
Project("{2150E333-8FDC-42A3-9474-1A3956D46DE8}") = "TAsk7", "TAsk7", "{1F90B0A4-BC24-4953-B8B8-AA5D03EEB696}"
EndProject
Project("{8BC9CEB8-8B4A-11D0-8D11-00A0C91BC942}") = "Tyuiu.sodnomovvm.Sprint0.TAsk7.V0", "Tyuiu.sodnomovvm.Sprint0.TAsk7.V0\Tyuiu.sodnomovvm.Sprint0.TAsk7.V0.vcxproj", "{4495D2C0-9C85-4252-B772-2A04436EAB2F}"
EndProject
Project("{8BC9CEB8-8B4A-11D0-8D11-00A0C91BC942}") = "Tyuiu.sodnomovvm.Sprint0.TAsk7.V0.Lib", "Tyuiu.sodnomovvm.Sprint0.TAsk7.V0.Lib\Tyuiu.sodnomovvm.Sprint0.TAsk7.V0.Lib.vcxproj", "{42E2A7AC-CEB1-4D7B-8D48-919D8A73B777}"
EndProject
Project("{8BC9CEB8-8B4A-11D0-8D11-00A0C91BC942}") = "Tyuiu.sodnomovvm.Sprint0.TAsk7.V0.Test", "Tyuiu.sodnomovvm.Sprint0.TAsk7.V0.Test\Tyuiu.sodnomovvm.Sprint0.TAsk7.V0.Test.vcxproj", "{86C6F02B-3C0F-444C-BF59-582CFADD28F0}"
EndProject
Project("{2150E333-8FDC-42A3-9474-1A3956D46DE8}") = "Control0V2.Zadacha1", "Control0V2.Zadacha1", "{1278C229-A31A-4A8F-9EC0-C6E5174EFCDA}"
EndProject
Project("{8BC9CEB8-8B4A-11D0-8D11-00A0C91BC942}") = "tyuy.sodnomovvm.Control0.V2.Zadacha1", "tyuy.sodnomovvm.Control0.V2.Zadacha1\tyuy.sodnomovvm.Control0.V2.Zadacha1.vcxproj", "{ECDB5C15-5B8A-4917-9682-32A344DBEF20}"
EndProject
Project("{8BC9CEB8-8B4A-11D0-8D11-00A0C91BC942}") = "tyuy.sodnomovvm.Control0.V2.Zadacha1.Test", "tyuy.sodnomovvm.Control0.V2.Zadacha1.Test\tyuy.sodnomovvm.Control0.V2.Zadacha1.Test.vcxproj", "{62F2CDF6-C897-435D-B200-E638C6148597}"
EndProject
Project("{8BC9CEB8-8B4A-11D0-8D11-00A0C91BC942}") = "tyuy.sodnomovvm.Control0.V2.Zadacha1.Lib", "tyuy.sodnomovvm.Control0.V2.Zadacha1.Lib\tyuy.sodnomovvm.Control0.V2.Zadacha1.Lib.vcxproj", "{DC6BE02C-863C-420D-84FF-4942783581B8}"
EndProject
Project("{2150E333-8FDC-42A3-9474-1A3956D46DE8}") = "Control0.V2.Zadacha2", "Control0.V2.Zadacha2", "{AF9F044B-D02A-4985-A950-087B05F7D63A}"
EndProject
Project("{8BC9CEB8-8B4A-11D0-8D11-00A0C91BC942}") = "Tyuy.sodnomovvm.Control0.V2.Zadacha2", "Tyuy.sodnomovvm.Control0.V2.Zadacha2\Tyuy.sodnomovvm.Control0.V2.Zadacha2.vcxproj", "{4B727367-1C65-4953-86C3-6793F97E5FBC}"
EndProject
Project("{8BC9CEB8-8B4A-11D0-8D11-00A0C91BC942}") = "Tyuy.sodnomovvm.Control0.V2.Zadacha2.Test", "Tyuy.sodnomovvm.Control0.V2.Zadacha2.Test\Tyuy.sodnomovvm.Control0.V2.Zadacha2.Test.vcxproj", "{1118AF13-579E-405B-9811-F04393192C66}"
EndProject
Project("{8BC9CEB8-8B4A-11D0-8D11-00A0C91BC942}") = "Tyuy.sodnomovvm.Control0.V2.Zadacha2.Lib", "Tyuy.sodnomovvm.Control0.V2.Zadacha2.Lib\Tyuy.sodnomovvm.Control0.V2.Zadacha2.Lib.vcxproj", "{ACFC517D-41CF-430B-8B4A-0CDD82AFAFCF}"
EndProject
Global
	GlobalSection(SolutionConfigurationPlatforms) = preSolution
		Debug|x64 = Debug|x64
		Debug|x86 = Debug|x86
		Release|x64 = Release|x64
		Release|x86 = Release|x86
	EndGlobalSection
	GlobalSection(ProjectConfigurationPlatforms) = postSolution
		{85741924-2CC7-484D-BE4D-90388FDCE597}.Debug|x64.ActiveCfg = Debug|x64
		{85741924-2CC7-484D-BE4D-90388FDCE597}.Debug|x64.Build.0 = Debug|x64
		{85741924-2CC7-484D-BE4D-90388FDCE597}.Debug|x86.ActiveCfg = Debug|Win32
		{85741924-2CC7-484D-BE4D-90388FDCE597}.Debug|x86.Build.0 = Debug|Win32
		{85741924-2CC7-484D-BE4D-90388FDCE597}.Release|x64.ActiveCfg = Release|x64
		{85741924-2CC7-484D-BE4D-90388FDCE597}.Release|x64.Build.0 = Release|x64
		{85741924-2CC7-484D-BE4D-90388FDCE597}.Release|x86.ActiveCfg = Release|Win32
		{85741924-2CC7-484D-BE4D-90388FDCE597}.Release|x86.Build.0 = Release|Win32
		{818955C4-C86E-4F4D-92DC-10F5A01C469E}.Debug|x64.ActiveCfg = Debug|x64
		{818955C4-C86E-4F4D-92DC-10F5A01C469E}.Debug|x64.Build.0 = Debug|x64
		{818955C4-C86E-4F4D-92DC-10F5A01C469E}.Debug|x86.ActiveCfg = Debug|Win32
		{818955C4-C86E-4F4D-92DC-10F5A01C469E}.Debug|x86.Build.0 = Debug|Win32
		{818955C4-C86E-4F4D-92DC-10F5A01C469E}.Release|x64.ActiveCfg = Release|x64
		{818955C4-C86E-4F4D-92DC-10F5A01C469E}.Release|x64.Build.0 = Release|x64
		{818955C4-C86E-4F4D-92DC-10F5A01C469E}.Release|x86.ActiveCfg = Release|Win32
		{818955C4-C86E-4F4D-92DC-10F5A01C469E}.Release|x86.Build.0 = Release|Win32
		{25E47B36-20A8-480D-9EFD-4D9F61BE10F5}.Debug|x64.ActiveCfg = Debug|x64
		{25E47B36-20A8-480D-9EFD-4D9F61BE10F5}.Debug|x64.Build.0 = Debug|x64
		{25E47B36-20A8-480D-9EFD-4D9F61BE10F5}.Debug|x86.ActiveCfg = Debug|Win32
		{25E47B36-20A8-480D-9EFD-4D9F61BE10F5}.Debug|x86.Build.0 = Debug|Win32
		{25E47B36-20A8-480D-9EFD-4D9F61BE10F5}.Release|x64.ActiveCfg = Release|x64
		{25E47B36-20A8-480D-9EFD-4D9F61BE10F5}.Release|x64.Build.0 = Release|x64
		{25E47B36-20A8-480D-9EFD-4D9F61BE10F5}.Release|x86.ActiveCfg = Release|Win32
		{25E47B36-20A8-480D-9EFD-4D9F61BE10F5}.Release|x86.Build.0 = Release|Win32
		{EDD3EE8E-E440-4302-ABA0-DA75D6B84A86}.Debug|x64.ActiveCfg = Debug|x64
		{EDD3EE8E-E440-4302-ABA0-DA75D6B84A86}.Debug|x64.Build.0 = Debug|x64
		{EDD3EE8E-E440-4302-ABA0-DA75D6B84A86}.Debug|x86.ActiveCfg = Debug|Win32
		{EDD3EE8E-E440-4302-ABA0-DA75D6B84A86}.Debug|x86.Build.0 = Debug|Win32
		{EDD3EE8E-E440-4302-ABA0-DA75D6B84A86}.Release|x64.ActiveCfg = Release|x64
		{EDD3EE8E-E440-4302-ABA0-DA75D6B84A86}.Release|x64.Build.0 = Release|x64
		{EDD3EE8E-E440-4302-ABA0-DA75D6B84A86}.Release|x86.ActiveCfg = Release|Win32
		{EDD3EE8E-E440-4302-ABA0-DA75D6B84A86}.Release|x86.Build.0 = Release|Win32
		{A60F367E-932B-4F2A-A562-7D246A1587A9}.Debug|x64.ActiveCfg = Debug|x64
		{A60F367E-932B-4F2A-A562-7D246A1587A9}.Debug|x64.Build.0 = Debug|x64
		{A60F367E-932B-4F2A-A562-7D246A1587A9}.Debug|x86.ActiveCfg = Debug|Win32
		{A60F367E-932B-4F2A-A562-7D246A1587A9}.Debug|x86.Build.0 = Debug|Win32
		{A60F367E-932B-4F2A-A562-7D246A1587A9}.Release|x64.ActiveCfg = Release|x64
		{A60F367E-932B-4F2A-A562-7D246A1587A9}.Release|x64.Build.0 = Release|x64
		{A60F367E-932B-4F2A-A562-7D246A1587A9}.Release|x86.ActiveCfg = Release|Win32
		{A60F367E-932B-4F2A-A562-7D246A1587A9}.Release|x86.Build.0 = Release|Win32
		{F30EA374-E029-49AF-A384-240642F1C0C4}.Debug|x64.ActiveCfg = Debug|x64
		{F30EA374-E029-49AF-A384-240642F1C0C4}.Debug|x64.Build.0 = Debug|x64
		{F30EA374-E029-49AF-A384-240642F1C0C4}.Debug|x86.ActiveCfg = Debug|Win32
		{F30EA374-E029-49AF-A384-240642F1C0C4}.Debug|x86.Build.0 = Debug|Win32
		{F30EA374-E029-49AF-A384-240642F1C0C4}.Release|x64.ActiveCfg = Release|x64
		{F30EA374-E029-49AF-A384-240642F1C0C4}.Release|x64.Build.0 = Release|x64
		{F30EA374-E029-49AF-A384-240642F1C0C4}.Release|x86.ActiveCfg = Release|Win32
		{F30EA374-E029-49AF-A384-240642F1C0C4}.Release|x86.Build.0 = Release|Win32
		{46EED9F7-60B9-4BBE-A7D0-A161BC79A937}.Debug|x64.ActiveCfg = Debug|x64
		{46EED9F7-60B9-4BBE-A7D0-A161BC79A937}.Debug|x64.Build.0 = Debug|x64
		{46EED9F7-60B9-4BBE-A7D0-A161BC79A937}.Debug|x86.ActiveCfg = Debug|Win32
		{46EED9F7-60B9-4BBE-A7D0-A161BC79A937}.Debug|x86.Build.0 = Debug|Win32
		{46EED9F7-60B9-4BBE-A7D0-A161BC79A937}.Release|x64.ActiveCfg = Release|x64
		{46EED9F7-60B9-4BBE-A7D0-A161BC79A937}.Release|x64.Build.0 = Release|x64
		{46EED9F7-60B9-4BBE-A7D0-A161BC79A937}.Release|x86.ActiveCfg = Release|Win32
		{46EED9F7-60B9-4BBE-A7D0-A161BC79A937}.Release|x86.Build.0 = Release|Win32
		{D0637A89-9086-49E0-BFF1-00FE80305DA1}.Debug|x64.ActiveCfg = Debug|x64
		{D0637A89-9086-49E0-BFF1-00FE80305DA1}.Debug|x64.Build.0 = Debug|x64
		{D0637A89-9086-49E0-BFF1-00FE80305DA1}.Debug|x86.ActiveCfg = Debug|Win32
		{D0637A89-9086-49E0-BFF1-00FE80305DA1}.Debug|x86.Build.0 = Debug|Win32
		{D0637A89-9086-49E0-BFF1-00FE80305DA1}.Release|x64.ActiveCfg = Release|x64
		{D0637A89-9086-49E0-BFF1-00FE80305DA1}.Release|x64.Build.0 = Release|x64
		{D0637A89-9086-49E0-BFF1-00FE80305DA1}.Release|x86.ActiveCfg = Release|Win32
		{D0637A89-9086-49E0-BFF1-00FE80305DA1}.Release|x86.Build.0 = Release|Win32
		{4CC26A4B-82A3-4037-8FA6-8A0FC235C536}.Debug|x64.ActiveCfg = Debug|x64
		{4CC26A4B-82A3-4037-8FA6-8A0FC235C536}.Debug|x64.Build.0 = Debug|x64
		{4CC26A4B-82A3-4037-8FA6-8A0FC235C536}.Debug|x86.ActiveCfg = Debug|Win32
		{4CC26A4B-82A3-4037-8FA6-8A0FC235C536}.Debug|x86.Build.0 = Debug|Win32
		{4CC26A4B-82A3-4037-8FA6-8A0FC235C536}.Release|x64.ActiveCfg = Release|x64
		{4CC26A4B-82A3-4037-8FA6-8A0FC235C536}.Release|x64.Build.0 = Release|x64
		{4CC26A4B-82A3-4037-8FA6-8A0FC235C536}.Release|x86.ActiveCfg = Release|Win32
		{4CC26A4B-82A3-4037-8FA6-8A0FC235C536}.Release|x86.Build.0 = Release|Win32
		{6FF5EEB4-1D01-40DA-9176-77AF408D076A}.Debug|x64.ActiveCfg = Debug|x64
		{6FF5EEB4-1D01-40DA-9176-77AF408D076A}.Debug|x64.Build.0 = Debug|x64
		{6FF5EEB4-1D01-40DA-9176-77AF408D076A}.Debug|x86.ActiveCfg = Debug|Win32
		{6FF5EEB4-1D01-40DA-9176-77AF408D076A}.Debug|x86.Build.0 = Debug|Win32
		{6FF5EEB4-1D01-40DA-9176-77AF408D076A}.Release|x64.ActiveCfg = Release|x64
		{6FF5EEB4-1D01-40DA-9176-77AF408D076A}.Release|x64.Build.0 = Release|x64
		{6FF5EEB4-1D01-40DA-9176-77AF408D076A}.Release|x86.ActiveCfg = Release|Win32
		{6FF5EEB4-1D01-40DA-9176-77AF408D076A}.Release|x86.Build.0 = Release|Win32
		{D1B6D68F-3D04-4236-B4AA-2EDCEBB60DE3}.Debug|x64.ActiveCfg = Debug|x64
		{D1B6D68F-3D04-4236-B4AA-2EDCEBB60DE3}.Debug|x64.Build.0 = Debug|x64
		{D1B6D68F-3D04-4236-B4AA-2EDCEBB60DE3}.Debug|x86.ActiveCfg = Debug|Win32
		{D1B6D68F-3D04-4236-B4AA-2EDCEBB60DE3}.Debug|x86.Build.0 = Debug|Win32
		{D1B6D68F-3D04-4236-B4AA-2EDCEBB60DE3}.Release|x64.ActiveCfg = Release|x64
		{D1B6D68F-3D04-4236-B4AA-2EDCEBB60DE3}.Release|x64.Build.0 = Release|x64
		{D1B6D68F-3D04-4236-B4AA-2EDCEBB60DE3}.Release|x86.ActiveCfg = Release|Win32
		{D1B6D68F-3D04-4236-B4AA-2EDCEBB60DE3}.Release|x86.Build.0 = Release|Win32
		{46B32DF3-EE56-4098-A9F1-B38BD641210D}.Debug|x64.ActiveCfg = Debug|x64
		{46B32DF3-EE56-4098-A9F1-B38BD641210D}.Debug|x64.Build.0 = Debug|x64
		{46B32DF3-EE56-4098-A9F1-B38BD641210D}.Debug|x86.ActiveCfg = Debug|Win32
		{46B32DF3-EE56-4098-A9F1-B38BD641210D}.Debug|x86.Build.0 = Debug|Win32
		{46B32DF3-EE56-4098-A9F1-B38BD641210D}.Release|x64.ActiveCfg = Release|x64
		{46B32DF3-EE56-4098-A9F1-B38BD641210D}.Release|x64.Build.0 = Release|x64
		{46B32DF3-EE56-4098-A9F1-B38BD641210D}.Release|x86.ActiveCfg = Release|Win32
		{46B32DF3-EE56-4098-A9F1-B38BD641210D}.Release|x86.Build.0 = Release|Win32
		{9A3127A3-653D-457D-BC83-D22801AD0FAF}.Debug|x64.ActiveCfg = Debug|x64
		{9A3127A3-653D-457D-BC83-D22801AD0FAF}.Debug|x64.Build.0 = Debug|x64
		{9A3127A3-653D-457D-BC83-D22801AD0FAF}.Debug|x86.ActiveCfg = Debug|Win32
		{9A3127A3-653D-457D-BC83-D22801AD0FAF}.Debug|x86.Build.0 = Debug|Win32
		{9A3127A3-653D-457D-BC83-D22801AD0FAF}.Release|x64.ActiveCfg = Release|x64
		{9A3127A3-653D-457D-BC83-D22801AD0FAF}.Release|x64.Build.0 = Release|x64
		{9A3127A3-653D-457D-BC83-D22801AD0FAF}.Release|x86.ActiveCfg = Release|Win32
		{9A3127A3-653D-457D-BC83-D22801AD0FAF}.Release|x86.Build.0 = Release|Win32
		{DED64A0C-DFD2-4A7A-B799-FD63C1372CC4}.Debug|x64.ActiveCfg = Debug|x64
		{DED64A0C-DFD2-4A7A-B799-FD63C1372CC4}.Debug|x64.Build.0 = Debug|x64
		{DED64A0C-DFD2-4A7A-B799-FD63C1372CC4}.Debug|x86.ActiveCfg = Debug|Win32
		{DED64A0C-DFD2-4A7A-B799-FD63C1372CC4}.Debug|x86.Build.0 = Debug|Win32
		{DED64A0C-DFD2-4A7A-B799-FD63C1372CC4}.Release|x64.ActiveCfg = Release|x64
		{DED64A0C-DFD2-4A7A-B799-FD63C1372CC4}.Release|x64.Build.0 = Release|x64
		{DED64A0C-DFD2-4A7A-B799-FD63C1372CC4}.Release|x86.ActiveCfg = Release|Win32
		{DED64A0C-DFD2-4A7A-B799-FD63C1372CC4}.Release|x86.Build.0 = Release|Win32
		{4532569B-D07B-48B4-8116-2BCD8067CB65}.Debug|x64.ActiveCfg = Debug|x64
		{4532569B-D07B-48B4-8116-2BCD8067CB65}.Debug|x64.Build.0 = Debug|x64
		{4532569B-D07B-48B4-8116-2BCD8067CB65}.Debug|x86.ActiveCfg = Debug|Win32
		{4532569B-D07B-48B4-8116-2BCD8067CB65}.Debug|x86.Build.0 = Debug|Win32
		{4532569B-D07B-48B4-8116-2BCD8067CB65}.Release|x64.ActiveCfg = Release|x64
		{4532569B-D07B-48B4-8116-2BCD8067CB65}.Release|x64.Build.0 = Release|x64
		{4532569B-D07B-48B4-8116-2BCD8067CB65}.Release|x86.ActiveCfg = Release|Win32
		{4532569B-D07B-48B4-8116-2BCD8067CB65}.Release|x86.Build.0 = Release|Win32
		{634F8307-D809-4033-92B4-963212E0DB06}.Debug|x64.ActiveCfg = Debug|x64
		{634F8307-D809-4033-92B4-963212E0DB06}.Debug|x64.Build.0 = Debug|x64
		{634F8307-D809-4033-92B4-963212E0DB06}.Debug|x86.ActiveCfg = Debug|Win32
		{634F8307-D809-4033-92B4-963212E0DB06}.Debug|x86.Build.0 = Debug|Win32
		{634F8307-D809-4033-92B4-963212E0DB06}.Release|x64.ActiveCfg = Release|x64
		{634F8307-D809-4033-92B4-963212E0DB06}.Release|x64.Build.0 = Release|x64
		{634F8307-D809-4033-92B4-963212E0DB06}.Release|x86.ActiveCfg = Release|Win32
		{634F8307-D809-4033-92B4-963212E0DB06}.Release|x86.Build.0 = Release|Win32
		{D6900AF6-C945-4013-A291-4C26F0856E56}.Debug|x64.ActiveCfg = Debug|x64
		{D6900AF6-C945-4013-A291-4C26F0856E56}.Debug|x64.Build.0 = Debug|x64
		{D6900AF6-C945-4013-A291-4C26F0856E56}.Debug|x86.ActiveCfg = Debug|Win32
		{D6900AF6-C945-4013-A291-4C26F0856E56}.Debug|x86.Build.0 = Debug|Win32
		{D6900AF6-C945-4013-A291-4C26F0856E56}.Release|x64.ActiveCfg = Release|x64
		{D6900AF6-C945-4013-A291-4C26F0856E56}.Release|x64.Build.0 = Release|x64
		{D6900AF6-C945-4013-A291-4C26F0856E56}.Release|x86.ActiveCfg = Release|Win32
		{D6900AF6-C945-4013-A291-4C26F0856E56}.Release|x86.Build.0 = Release|Win32
		{4495D2C0-9C85-4252-B772-2A04436EAB2F}.Debug|x64.ActiveCfg = Debug|x64
		{4495D2C0-9C85-4252-B772-2A04436EAB2F}.Debug|x64.Build.0 = Debug|x64
		{4495D2C0-9C85-4252-B772-2A04436EAB2F}.Debug|x86.ActiveCfg = Debug|Win32
		{4495D2C0-9C85-4252-B772-2A04436EAB2F}.Debug|x86.Build.0 = Debug|Win32
		{4495D2C0-9C85-4252-B772-2A04436EAB2F}.Release|x64.ActiveCfg = Release|x64
		{4495D2C0-9C85-4252-B772-2A04436EAB2F}.Release|x64.Build.0 = Release|x64
		{4495D2C0-9C85-4252-B772-2A04436EAB2F}.Release|x86.ActiveCfg = Release|Win32
		{4495D2C0-9C85-4252-B772-2A04436EAB2F}.Release|x86.Build.0 = Release|Win32
		{42E2A7AC-CEB1-4D7B-8D48-919D8A73B777}.Debug|x64.ActiveCfg = Debug|x64
		{42E2A7AC-CEB1-4D7B-8D48-919D8A73B777}.Debug|x64.Build.0 = Debug|x64
		{42E2A7AC-CEB1-4D7B-8D48-919D8A73B777}.Debug|x86.ActiveCfg = Debug|Win32
		{42E2A7AC-CEB1-4D7B-8D48-919D8A73B777}.Debug|x86.Build.0 = Debug|Win32
		{42E2A7AC-CEB1-4D7B-8D48-919D8A73B777}.Release|x64.ActiveCfg = Release|x64
		{42E2A7AC-CEB1-4D7B-8D48-919D8A73B777}.Release|x64.Build.0 = Release|x64
		{42E2A7AC-CEB1-4D7B-8D48-919D8A73B777}.Release|x86.ActiveCfg = Release|Win32
		{42E2A7AC-CEB1-4D7B-8D48-919D8A73B777}.Release|x86.Build.0 = Release|Win32
		{86C6F02B-3C0F-444C-BF59-582CFADD28F0}.Debug|x64.ActiveCfg = Debug|x64
		{86C6F02B-3C0F-444C-BF59-582CFADD28F0}.Debug|x64.Build.0 = Debug|x64
		{86C6F02B-3C0F-444C-BF59-582CFADD28F0}.Debug|x86.ActiveCfg = Debug|Win32
		{86C6F02B-3C0F-444C-BF59-582CFADD28F0}.Debug|x86.Build.0 = Debug|Win32
		{86C6F02B-3C0F-444C-BF59-582CFADD28F0}.Release|x64.ActiveCfg = Release|x64
		{86C6F02B-3C0F-444C-BF59-582CFADD28F0}.Release|x64.Build.0 = Release|x64
		{86C6F02B-3C0F-444C-BF59-582CFADD28F0}.Release|x86.ActiveCfg = Release|Win32
		{86C6F02B-3C0F-444C-BF59-582CFADD28F0}.Release|x86.Build.0 = Release|Win32
		{ECDB5C15-5B8A-4917-9682-32A344DBEF20}.Debug|x64.ActiveCfg = Debug|x64
		{ECDB5C15-5B8A-4917-9682-32A344DBEF20}.Debug|x64.Build.0 = Debug|x64
		{ECDB5C15-5B8A-4917-9682-32A344DBEF20}.Debug|x86.ActiveCfg = Debug|Win32
		{ECDB5C15-5B8A-4917-9682-32A344DBEF20}.Debug|x86.Build.0 = Debug|Win32
		{ECDB5C15-5B8A-4917-9682-32A344DBEF20}.Release|x64.ActiveCfg = Release|x64
		{ECDB5C15-5B8A-4917-9682-32A344DBEF20}.Release|x64.Build.0 = Release|x64
		{ECDB5C15-5B8A-4917-9682-32A344DBEF20}.Release|x86.ActiveCfg = Release|Win32
		{ECDB5C15-5B8A-4917-9682-32A344DBEF20}.Release|x86.Build.0 = Release|Win32
		{62F2CDF6-C897-435D-B200-E638C6148597}.Debug|x64.ActiveCfg = Debug|x64
		{62F2CDF6-C897-435D-B200-E638C6148597}.Debug|x64.Build.0 = Debug|x64
		{62F2CDF6-C897-435D-B200-E638C6148597}.Debug|x86.ActiveCfg = Debug|Win32
		{62F2CDF6-C897-435D-B200-E638C6148597}.Debug|x86.Build.0 = Debug|Win32
		{62F2CDF6-C897-435D-B200-E638C6148597}.Release|x64.ActiveCfg = Release|x64
		{62F2CDF6-C897-435D-B200-E638C6148597}.Release|x64.Build.0 = Release|x64
		{62F2CDF6-C897-435D-B200-E638C6148597}.Release|x86.ActiveCfg = Release|Win32
		{62F2CDF6-C897-435D-B200-E638C6148597}.Release|x86.Build.0 = Release|Win32
		{DC6BE02C-863C-420D-84FF-4942783581B8}.Debug|x64.ActiveCfg = Debug|x64
		{DC6BE02C-863C-420D-84FF-4942783581B8}.Debug|x64.Build.0 = Debug|x64
		{DC6BE02C-863C-420D-84FF-4942783581B8}.Debug|x86.ActiveCfg = Debug|Win32
		{DC6BE02C-863C-420D-84FF-4942783581B8}.Debug|x86.Build.0 = Debug|Win32
		{DC6BE02C-863C-420D-84FF-4942783581B8}.Release|x64.ActiveCfg = Release|x64
		{DC6BE02C-863C-420D-84FF-4942783581B8}.Release|x64.Build.0 = Release|x64
		{DC6BE02C-863C-420D-84FF-4942783581B8}.Release|x86.ActiveCfg = Release|Win32
		{DC6BE02C-863C-420D-84FF-4942783581B8}.Release|x86.Build.0 = Release|Win32
		{4B727367-1C65-4953-86C3-6793F97E5FBC}.Debug|x64.ActiveCfg = Debug|x64
		{4B727367-1C65-4953-86C3-6793F97E5FBC}.Debug|x64.Build.0 = Debug|x64
		{4B727367-1C65-4953-86C3-6793F97E5FBC}.Debug|x86.ActiveCfg = Debug|Win32
		{4B727367-1C65-4953-86C3-6793F97E5FBC}.Debug|x86.Build.0 = Debug|Win32
		{4B727367-1C65-4953-86C3-6793F97E5FBC}.Release|x64.ActiveCfg = Release|x64
		{4B727367-1C65-4953-86C3-6793F97E5FBC}.Release|x64.Build.0 = Release|x64
		{4B727367-1C65-4953-86C3-6793F97E5FBC}.Release|x86.ActiveCfg = Release|Win32
		{4B727367-1C65-4953-86C3-6793F97E5FBC}.Release|x86.Build.0 = Release|Win32
		{1118AF13-579E-405B-9811-F04393192C66}.Debug|x64.ActiveCfg = Debug|x64
		{1118AF13-579E-405B-9811-F04393192C66}.Debug|x64.Build.0 = Debug|x64
		{1118AF13-579E-405B-9811-F04393192C66}.Debug|x86.ActiveCfg = Debug|Win32
		{1118AF13-579E-405B-9811-F04393192C66}.Debug|x86.Build.0 = Debug|Win32
		{1118AF13-579E-405B-9811-F04393192C66}.Release|x64.ActiveCfg = Release|x64
		{1118AF13-579E-405B-9811-F04393192C66}.Release|x64.Build.0 = Release|x64
		{1118AF13-579E-405B-9811-F04393192C66}.Release|x86.ActiveCfg = Release|Win32
		{1118AF13-579E-405B-9811-F04393192C66}.Release|x86.Build.0 = Release|Win32
		{ACFC517D-41CF-430B-8B4A-0CDD82AFAFCF}.Debug|x64.ActiveCfg = Debug|x64
		{ACFC517D-41CF-430B-8B4A-0CDD82AFAFCF}.Debug|x64.Build.0 = Debug|x64
		{ACFC517D-41CF-430B-8B4A-0CDD82AFAFCF}.Debug|x86.ActiveCfg = Debug|Win32
		{ACFC517D-41CF-430B-8B4A-0CDD82AFAFCF}.Debug|x86.Build.0 = Debug|Win32
		{ACFC517D-41CF-430B-8B4A-0CDD82AFAFCF}.Release|x64.ActiveCfg = Release|x64
		{ACFC517D-41CF-430B-8B4A-0CDD82AFAFCF}.Release|x64.Build.0 = Release|x64
		{ACFC517D-41CF-430B-8B4A-0CDD82AFAFCF}.Release|x86.ActiveCfg = Release|Win32
		{ACFC517D-41CF-430B-8B4A-0CDD82AFAFCF}.Release|x86.Build.0 = Release|Win32
	EndGlobalSection
	GlobalSection(SolutionProperties) = preSolution
		HideSolutionNode = FALSE
	EndGlobalSection
	GlobalSection(NestedProjects) = preSolution
		{85741924-2CC7-484D-BE4D-90388FDCE597} = {3FFF9D2F-7897-4B1A-9B96-15E90D7F5B21}
		{818955C4-C86E-4F4D-92DC-10F5A01C469E} = {A5A3A218-3C58-4799-A343-84AE908BC6D4}
		{25E47B36-20A8-480D-9EFD-4D9F61BE10F5} = {47F76BB1-4767-4EB7-8983-30EB710EA113}
		{EDD3EE8E-E440-4302-ABA0-DA75D6B84A86} = {47F76BB1-4767-4EB7-8983-30EB710EA113}
		{A60F367E-932B-4F2A-A562-7D246A1587A9} = {47F76BB1-4767-4EB7-8983-30EB710EA113}
		{F30EA374-E029-49AF-A384-240642F1C0C4} = {A71D9D8E-4A59-4462-997F-A7BBAD09B93D}
		{46EED9F7-60B9-4BBE-A7D0-A161BC79A937} = {A71D9D8E-4A59-4462-997F-A7BBAD09B93D}
		{D0637A89-9086-49E0-BFF1-00FE80305DA1} = {A71D9D8E-4A59-4462-997F-A7BBAD09B93D}
		{4CC26A4B-82A3-4037-8FA6-8A0FC235C536} = {97331FFD-8030-4B23-8F60-D08E723E972D}
		{6FF5EEB4-1D01-40DA-9176-77AF408D076A} = {97331FFD-8030-4B23-8F60-D08E723E972D}
		{D1B6D68F-3D04-4236-B4AA-2EDCEBB60DE3} = {97331FFD-8030-4B23-8F60-D08E723E972D}
		{46B32DF3-EE56-4098-A9F1-B38BD641210D} = {33185527-249F-4E4C-9C93-AE63EC16D34A}
		{9A3127A3-653D-457D-BC83-D22801AD0FAF} = {33185527-249F-4E4C-9C93-AE63EC16D34A}
		{DED64A0C-DFD2-4A7A-B799-FD63C1372CC4} = {33185527-249F-4E4C-9C93-AE63EC16D34A}
		{4532569B-D07B-48B4-8116-2BCD8067CB65} = {A8359AC8-DDF0-459A-9A29-9105A5A3ADAA}
		{634F8307-D809-4033-92B4-963212E0DB06} = {A8359AC8-DDF0-459A-9A29-9105A5A3ADAA}
		{D6900AF6-C945-4013-A291-4C26F0856E56} = {A8359AC8-DDF0-459A-9A29-9105A5A3ADAA}
		{4495D2C0-9C85-4252-B772-2A04436EAB2F} = {1F90B0A4-BC24-4953-B8B8-AA5D03EEB696}
		{42E2A7AC-CEB1-4D7B-8D48-919D8A73B777} = {1F90B0A4-BC24-4953-B8B8-AA5D03EEB696}
		{86C6F02B-3C0F-444C-BF59-582CFADD28F0} = {1F90B0A4-BC24-4953-B8B8-AA5D03EEB696}
		{ECDB5C15-5B8A-4917-9682-32A344DBEF20} = {1278C229-A31A-4A8F-9EC0-C6E5174EFCDA}
		{62F2CDF6-C897-435D-B200-E638C6148597} = {1278C229-A31A-4A8F-9EC0-C6E5174EFCDA}
		{DC6BE02C-863C-420D-84FF-4942783581B8} = {1278C229-A31A-4A8F-9EC0-C6E5174EFCDA}
		{4B727367-1C65-4953-86C3-6793F97E5FBC} = {AF9F044B-D02A-4985-A950-087B05F7D63A}
		{1118AF13-579E-405B-9811-F04393192C66} = {AF9F044B-D02A-4985-A950-087B05F7D63A}
		{ACFC517D-41CF-430B-8B4A-0CDD82AFAFCF} = {AF9F044B-D02A-4985-A950-087B05F7D63A}
	EndGlobalSection
	GlobalSection(ExtensibilityGlobals) = postSolution
		SolutionGuid = {435D4ED4-3FEB-454F-AE8E-FF39886B2794}
	EndGlobalSection
EndGlobal
