
Microsoft Visual Studio Solution File, Format Version 12.00
# Visual Studio Version 16
VisualStudioVersion = 16.0.33927.289
MinimumVisualStudioVersion = 10.0.40219.1
Project("{2150E333-8FDC-42A3-9474-1A3956D46DE8}") = "Task0", "Task0", "{97AEAED8-CB6C-4999-84AB-635F1A1B6569}"
EndProject
Project("{FAE04EC0-301F-11D3-BF4B-00C04F79EFBC}") = "Tyuiu.SodnomovVM.Sprint0.Task0.V0", "Tyuiu.SodnomovVM.Sprint0.Task0.V0\Tyuiu.SodnomovVM.Sprint0.Task0.V0.csproj", "{79121C4D-A82C-4AED-8454-7C6847F762D3}"
EndProject
Project("{2150E333-8FDC-42A3-9474-1A3956D46DE8}") = "Task1", "Task1", "{D15155DC-27D2-4420-AED4-8D3AE1992B13}"
EndProject
Project("{FAE04EC0-301F-11D3-BF4B-00C04F79EFBC}") = "Tyuiu.sodnomovvm.Sprint0.Task1.V0", "Tyuiu.sodnomovvm.Sprint0.Task1.V0\Tyuiu.sodnomovvm.Sprint0.Task1.V0.csproj", "{CD19E2E6-58B3-4324-A316-D38CAEE2797C}"
EndProject
Project("{2150E333-8FDC-42A3-9474-1A3956D46DE8}") = "Task2", "Task2", "{B5B36E54-DAA0-4570-B379-C228C7D35721}"
EndProject
Project("{FAE04EC0-301F-11D3-BF4B-00C04F79EFBC}") = "Tyuiu.SodnomovVM.Sprint0.Task2.V0", "Tyuiu.sodnomovVM.Sprint0.Task2.V0\Tyuiu.SodnomovVM.Sprint0.Task2.V0.csproj", "{D4CC6ADE-3C5B-4898-A9D0-CEB6A550FBC4}"
EndProject
Project("{FAE04EC0-301F-11D3-BF4B-00C04F79EFBC}") = "Tyuiu.SodnomovVM.Sprint0.Task2.V0.LIb", "Tyuiu.SodnomovVM.Sprint0.Task2.V0.LIb\Tyuiu.SodnomovVM.Sprint0.Task2.V0.LIb.csproj", "{AF089143-90AE-456D-9DE5-B467D31B1274}"
EndProject
Project("{FAE04EC0-301F-11D3-BF4B-00C04F79EFBC}") = "Tyuiu.SodnomovVM.Sprint0.Task2.V0.Test", "Tyuiu.SodnomovM.Sprint0.Task2.V0.Test\Tyuiu.SodnomovVM.Sprint0.Task2.V0.Test.csproj", "{6FB4F052-12A3-44AA-8E91-ED174FF0D2BE}"
EndProject
Project("{2150E333-8FDC-42A3-9474-1A3956D46DE8}") = "Task3", "Task3", "{01DEF706-BD21-44F5-A542-48E163390EF3}"
EndProject
Project("{FAE04EC0-301F-11D3-BF4B-00C04F79EFBC}") = "Tyuiu.SodnomovVM.Sprint0.Task3.V0", "Tyuiu.SodnomovVM.Sprint0.Task3.V0\Tyuiu.SodnomovVM.Sprint0.Task3.V0.csproj", "{3A614156-14E0-4F32-902B-19188E1B6F51}"
EndProject
Project("{FAE04EC0-301F-11D3-BF4B-00C04F79EFBC}") = "Tyuiu.SodnomovVM.Sprint0.Task3.V0.Test", "Tyuiu.SodnomovVM.Sprint0.Task3.V0.Test\Tyuiu.SodnomovVM.Sprint0.Task3.V0.Test.csproj", "{FC78BABF-1F7D-4285-A31D-461A56610F01}"
EndProject
Project("{FAE04EC0-301F-11D3-BF4B-00C04F79EFBC}") = "Tyuiu.SodnomovVM.Sprint0.Task3.V0.Lib", "Tyuiu.SodnomovVM.Sprint0.Task3.V0.Lib\Tyuiu.SodnomovVM.Sprint0.Task3.V0.Lib.csproj", "{F1B98581-982D-4FE4-8A9C-7E68ECF8EDFC}"
EndProject
Global
	GlobalSection(SolutionConfigurationPlatforms) = preSolution
		Debug|Any CPU = Debug|Any CPU
		Release|Any CPU = Release|Any CPU
	EndGlobalSection
	GlobalSection(ProjectConfigurationPlatforms) = postSolution
		{79121C4D-A82C-4AED-8454-7C6847F762D3}.Debug|Any CPU.ActiveCfg = Debug|Any CPU
		{79121C4D-A82C-4AED-8454-7C6847F762D3}.Debug|Any CPU.Build.0 = Debug|Any CPU
		{79121C4D-A82C-4AED-8454-7C6847F762D3}.Release|Any CPU.ActiveCfg = Release|Any CPU
		{79121C4D-A82C-4AED-8454-7C6847F762D3}.Release|Any CPU.Build.0 = Release|Any CPU
		{CD19E2E6-58B3-4324-A316-D38CAEE2797C}.Debug|Any CPU.ActiveCfg = Debug|Any CPU
		{CD19E2E6-58B3-4324-A316-D38CAEE2797C}.Debug|Any CPU.Build.0 = Debug|Any CPU
		{CD19E2E6-58B3-4324-A316-D38CAEE2797C}.Release|Any CPU.ActiveCfg = Release|Any CPU
		{CD19E2E6-58B3-4324-A316-D38CAEE2797C}.Release|Any CPU.Build.0 = Release|Any CPU
		{D4CC6ADE-3C5B-4898-A9D0-CEB6A550FBC4}.Debug|Any CPU.ActiveCfg = Debug|Any CPU
		{D4CC6ADE-3C5B-4898-A9D0-CEB6A550FBC4}.Debug|Any CPU.Build.0 = Debug|Any CPU
		{D4CC6ADE-3C5B-4898-A9D0-CEB6A550FBC4}.Release|Any CPU.ActiveCfg = Release|Any CPU
		{D4CC6ADE-3C5B-4898-A9D0-CEB6A550FBC4}.Release|Any CPU.Build.0 = Release|Any CPU
		{AF089143-90AE-456D-9DE5-B467D31B1274}.Debug|Any CPU.ActiveCfg = Debug|Any CPU
		{AF089143-90AE-456D-9DE5-B467D31B1274}.Debug|Any CPU.Build.0 = Debug|Any CPU
		{AF089143-90AE-456D-9DE5-B467D31B1274}.Release|Any CPU.ActiveCfg = Release|Any CPU
		{AF089143-90AE-456D-9DE5-B467D31B1274}.Release|Any CPU.Build.0 = Release|Any CPU
		{6FB4F052-12A3-44AA-8E91-ED174FF0D2BE}.Debug|Any CPU.ActiveCfg = Debug|Any CPU
		{6FB4F052-12A3-44AA-8E91-ED174FF0D2BE}.Debug|Any CPU.Build.0 = Debug|Any CPU
		{6FB4F052-12A3-44AA-8E91-ED174FF0D2BE}.Release|Any CPU.ActiveCfg = Release|Any CPU
		{6FB4F052-12A3-44AA-8E91-ED174FF0D2BE}.Release|Any CPU.Build.0 = Release|Any CPU
		{3A614156-14E0-4F32-902B-19188E1B6F51}.Debug|Any CPU.ActiveCfg = Debug|Any CPU
		{3A614156-14E0-4F32-902B-19188E1B6F51}.Debug|Any CPU.Build.0 = Debug|Any CPU
		{3A614156-14E0-4F32-902B-19188E1B6F51}.Release|Any CPU.ActiveCfg = Release|Any CPU
		{3A614156-14E0-4F32-902B-19188E1B6F51}.Release|Any CPU.Build.0 = Release|Any CPU
		{FC78BABF-1F7D-4285-A31D-461A56610F01}.Debug|Any CPU.ActiveCfg = Debug|Any CPU
		{FC78BABF-1F7D-4285-A31D-461A56610F01}.Debug|Any CPU.Build.0 = Debug|Any CPU
		{FC78BABF-1F7D-4285-A31D-461A56610F01}.Release|Any CPU.ActiveCfg = Release|Any CPU
		{FC78BABF-1F7D-4285-A31D-461A56610F01}.Release|Any CPU.Build.0 = Release|Any CPU
		{F1B98581-982D-4FE4-8A9C-7E68ECF8EDFC}.Debug|Any CPU.ActiveCfg = Debug|Any CPU
		{F1B98581-982D-4FE4-8A9C-7E68ECF8EDFC}.Debug|Any CPU.Build.0 = Debug|Any CPU
		{F1B98581-982D-4FE4-8A9C-7E68ECF8EDFC}.Release|Any CPU.ActiveCfg = Release|Any CPU
		{F1B98581-982D-4FE4-8A9C-7E68ECF8EDFC}.Release|Any CPU.Build.0 = Release|Any CPU
	EndGlobalSection
	GlobalSection(SolutionProperties) = preSolution
		HideSolutionNode = FALSE
	EndGlobalSection
	GlobalSection(NestedProjects) = preSolution
		{79121C4D-A82C-4AED-8454-7C6847F762D3} = {97AEAED8-CB6C-4999-84AB-635F1A1B6569}
		{CD19E2E6-58B3-4324-A316-D38CAEE2797C} = {D15155DC-27D2-4420-AED4-8D3AE1992B13}
		{D4CC6ADE-3C5B-4898-A9D0-CEB6A550FBC4} = {B5B36E54-DAA0-4570-B379-C228C7D35721}
		{AF089143-90AE-456D-9DE5-B467D31B1274} = {B5B36E54-DAA0-4570-B379-C228C7D35721}
		{6FB4F052-12A3-44AA-8E91-ED174FF0D2BE} = {B5B36E54-DAA0-4570-B379-C228C7D35721}
		{3A614156-14E0-4F32-902B-19188E1B6F51} = {01DEF706-BD21-44F5-A542-48E163390EF3}
		{FC78BABF-1F7D-4285-A31D-461A56610F01} = {01DEF706-BD21-44F5-A542-48E163390EF3}
		{F1B98581-982D-4FE4-8A9C-7E68ECF8EDFC} = {01DEF706-BD21-44F5-A542-48E163390EF3}
	EndGlobalSection
	GlobalSection(ExtensibilityGlobals) = postSolution
		SolutionGuid = {C58EBACF-91C1-447B-A11A-80954EE6A29A}
	EndGlobalSection
EndGlobal
