
Microsoft Visual Studio Solution File, Format Version 12.00
# Visual Studio Version 16
VisualStudioVersion = 16.0.33927.289
MinimumVisualStudioVersion = 10.0.40219.1
Project("{2150E333-8FDC-42A3-9474-1A3956D46DE8}") = "Task0", "Task0", "{97AEAED8-CB6C-4999-84AB-635F1A1B6569}"
EndProject
Project("{FAE04EC0-301F-11D3-BF4B-00C04F79EFBC}") = "Tyuiu.SodnomovVM.Sprint0.Task0.V0", "Tyuiu.SodnomovVM.Sprint0.Task0.V0\Tyuiu.SodnomovVM.Sprint0.Task0.V0.csproj", "{79121C4D-A82C-4AED-8454-7C6847F762D3}"
EndProject
Project("{2150E333-8FDC-42A3-9474-1A3956D46DE8}") = "Task1", "Task1", "{D15155DC-27D2-4420-AED4-8D3AE1992B13}"
EndProject
Project("{FAE04EC0-301F-11D3-BF4B-00C04F79EFBC}") = "Tyuiu.sodnomovvm.Sprint0.Task1.V0", "Tyuiu.sodnomovvm.Sprint0.Task1.V0\Tyuiu.sodnomovvm.Sprint0.Task1.V0.csproj", "{CD19E2E6-58B3-4324-A316-D38CAEE2797C}"
EndProject
Project("{2150E333-8FDC-42A3-9474-1A3956D46DE8}") = "Task2", "Task2", "{B5B36E54-DAA0-4570-B379-C228C7D35721}"
EndProject
Project("{FAE04EC0-301F-11D3-BF4B-00C04F79EFBC}") = "Tyuiu.SodnomovVM.Sprint0.Task2.V0", "Tyuiu.sodnomovVM.Sprint0.Task2.V0\Tyuiu.SodnomovVM.Sprint0.Task2.V0.csproj", "{D4CC6ADE-3C5B-4898-A9D0-CEB6A550FBC4}"
EndProject
Project("{FAE04EC0-301F-11D3-BF4B-00C04F79EFBC}") = "Tyuiu.SodnomovVM.Sprint0.Task2.V0.LIb", "Tyuiu.SodnomovVM.Sprint0.Task2.V0.LIb\Tyuiu.SodnomovVM.Sprint0.Task2.V0.LIb.csproj", "{AF089143-90AE-456D-9DE5-B467D31B1274}"
EndProject
Project("{FAE04EC0-301F-11D3-BF4B-00C04F79EFBC}") = "Tyuiu.SodnomovVM.Sprint0.Task2.V0.Test", "Tyuiu.SodnomovM.Sprint0.Task2.V0.Test\Tyuiu.SodnomovVM.Sprint0.Task2.V0.Test.csproj", "{6FB4F052-12A3-44AA-8E91-ED174FF0D2BE}"
EndProject
Project("{2150E333-8FDC-42A3-9474-1A3956D46DE8}") = "Task3", "Task3", "{01DEF706-BD21-44F5-A542-48E163390EF3}"
EndProject
Project("{FAE04EC0-301F-11D3-BF4B-00C04F79EFBC}") = "Tyuiu.SodnomovVM.Sprint0.Task3.V0", "Tyuiu.SodnomovVM.Sprint0.Task3.V0\Tyuiu.SodnomovVM.Sprint0.Task3.V0.csproj", "{3A614156-14E0-4F32-902B-19188E1B6F51}"
EndProject
Project("{FAE04EC0-301F-11D3-BF4B-00C04F79EFBC}") = "Tyuiu.SodnomovVM.Sprint0.Task3.V0.Test", "Tyuiu.SodnomovVM.Sprint0.Task3.V0.Test\Tyuiu.SodnomovVM.Sprint0.Task3.V0.Test.csproj", "{FC78BABF-1F7D-4285-A31D-461A56610F01}"
EndProject
Project("{FAE04EC0-301F-11D3-BF4B-00C04F79EFBC}") = "Tyuiu.SodnomovVM.Sprint0.Task3.V0.Lib", "Tyuiu.SodnomovVM.Sprint0.Task3.V0.Lib\Tyuiu.SodnomovVM.Sprint0.Task3.V0.Lib.csproj", "{F1B98581-982D-4FE4-8A9C-7E68ECF8EDFC}"
EndProject
Project("{2150E333-8FDC-42A3-9474-1A3956D46DE8}") = "Task4", "Task4", "{067E026E-64FD-4956-9055-4FA581FA5998}"
EndProject
Project("{FAE04EC0-301F-11D3-BF4B-00C04F79EFBC}") = "Tyuiu.SodnomovVM.Sprint0.Task4.V0", "Tyuiu.SodnomovVM.Sprint0.Task4.V0\Tyuiu.SodnomovVM.Sprint0.Task4.V0.csproj", "{B4DE28E3-A4EC-4072-9106-C389A8BC8D13}"
EndProject
Project("{FAE04EC0-301F-11D3-BF4B-00C04F79EFBC}") = "Tyuiu.SodnomovVM.Sprint0.Task4.V0.LIb", "Tyuiu.SodnomovVM.Sprint0.Task4.V0.LIb\Tyuiu.SodnomovVM.Sprint0.Task4.V0.LIb.csproj", "{C47F41D1-F772-4197-9745-03D6C71BABD2}"
EndProject
Project("{FAE04EC0-301F-11D3-BF4B-00C04F79EFBC}") = "Tyuiu.SodnomovVM.Sprint0.Task4.V0.Test", "Tyuiu.SodnomovVM.Sprint0.Task4.V0.Test\Tyuiu.SodnomovVM.Sprint0.Task4.V0.Test.csproj", "{0939145E-80E1-475C-B776-1F0674763C76}"
EndProject
Project("{2150E333-8FDC-42A3-9474-1A3956D46DE8}") = "Task5", "Task5", "{ACA92833-521A-4787-8A01-8E5EF6FD7344}"
EndProject
Project("{FAE04EC0-301F-11D3-BF4B-00C04F79EFBC}") = "Tyuiu.SodnomovVM.Sprint0.Task5.V0", "Tyuiu.SodnomovVM.Sprint0.Task5.V0\Tyuiu.SodnomovVM.Sprint0.Task5.V0.csproj", "{CE49E776-23A6-459A-A6A5-7C22728165D8}"
EndProject
Project("{FAE04EC0-301F-11D3-BF4B-00C04F79EFBC}") = "Tyuiu.SodnomovVM.Sprint0.Task5.V0.Lib", "Tyuiu.SodnomovVM.Sprint0.Task5.V0.Lib\Tyuiu.SodnomovVM.Sprint0.Task5.V0.Lib.csproj", "{4D71D4F2-8D89-4B82-B6E8-DC3C06B2A9A5}"
EndProject
Project("{FAE04EC0-301F-11D3-BF4B-00C04F79EFBC}") = "Tyuiu.SodnomovVM.Sprint0.Task5.V0.Test", "Tyuiu.SodnomovVM.Sprint0.Task5.V0.Test\Tyuiu.SodnomovVM.Sprint0.Task5.V0.Test.csproj", "{2F88ED23-F67C-40A7-BBCA-4BE832297D09}"
EndProject
Global
	GlobalSection(SolutionConfigurationPlatforms) = preSolution
		Debug|Any CPU = Debug|Any CPU
		Release|Any CPU = Release|Any CPU
	EndGlobalSection
	GlobalSection(ProjectConfigurationPlatforms) = postSolution
		{79121C4D-A82C-4AED-8454-7C6847F762D3}.Debug|Any CPU.ActiveCfg = Debug|Any CPU
		{79121C4D-A82C-4AED-8454-7C6847F762D3}.Debug|Any CPU.Build.0 = Debug|Any CPU
		{79121C4D-A82C-4AED-8454-7C6847F762D3}.Release|Any CPU.ActiveCfg = Release|Any CPU
		{79121C4D-A82C-4AED-8454-7C6847F762D3}.Release|Any CPU.Build.0 = Release|Any CPU
		{CD19E2E6-58B3-4324-A316-D38CAEE2797C}.Debug|Any CPU.ActiveCfg = Debug|Any CPU
		{CD19E2E6-58B3-4324-A316-D38CAEE2797C}.Debug|Any CPU.Build.0 = Debug|Any CPU
		{CD19E2E6-58B3-4324-A316-D38CAEE2797C}.Release|Any CPU.ActiveCfg = Release|Any CPU
		{CD19E2E6-58B3-4324-A316-D38CAEE2797C}.Release|Any CPU.Build.0 = Release|Any CPU
		{D4CC6ADE-3C5B-4898-A9D0-CEB6A550FBC4}.Debug|Any CPU.ActiveCfg = Debug|Any CPU
		{D4CC6ADE-3C5B-4898-A9D0-CEB6A550FBC4}.Debug|Any CPU.Build.0 = Debug|Any CPU
		{D4CC6ADE-3C5B-4898-A9D0-CEB6A550FBC4}.Release|Any CPU.ActiveCfg = Release|Any CPU
		{D4CC6ADE-3C5B-4898-A9D0-CEB6A550FBC4}.Release|Any CPU.Build.0 = Release|Any CPU
		{AF089143-90AE-456D-9DE5-B467D31B1274}.Debug|Any CPU.ActiveCfg = Debug|Any CPU
		{AF089143-90AE-456D-9DE5-B467D31B1274}.Debug|Any CPU.Build.0 = Debug|Any CPU
		{AF089143-90AE-456D-9DE5-B467D31B1274}.Release|Any CPU.ActiveCfg = Release|Any CPU
		{AF089143-90AE-456D-9DE5-B467D31B1274}.Release|Any CPU.Build.0 = Release|Any CPU
		{6FB4F052-12A3-44AA-8E91-ED174FF0D2BE}.Debug|Any CPU.ActiveCfg = Debug|Any CPU
		{6FB4F052-12A3-44AA-8E91-ED174FF0D2BE}.Debug|Any CPU.Build.0 = Debug|Any CPU
		{6FB4F052-12A3-44AA-8E91-ED174FF0D2BE}.Release|Any CPU.ActiveCfg = Release|Any CPU
		{6FB4F052-12A3-44AA-8E91-ED174FF0D2BE}.Release|Any CPU.Build.0 = Release|Any CPU
		{3A614156-14E0-4F32-902B-19188E1B6F51}.Debug|Any CPU.ActiveCfg = Debug|Any CPU
		{3A614156-14E0-4F32-902B-19188E1B6F51}.Debug|Any CPU.Build.0 = Debug|Any CPU
		{3A614156-14E0-4F32-902B-19188E1B6F51}.Release|Any CPU.ActiveCfg = Release|Any CPU
		{3A614156-14E0-4F32-902B-19188E1B6F51}.Release|Any CPU.Build.0 = Release|Any CPU
		{FC78BABF-1F7D-4285-A31D-461A56610F01}.Debug|Any CPU.ActiveCfg = Debug|Any CPU
		{FC78BABF-1F7D-4285-A31D-461A56610F01}.Debug|Any CPU.Build.0 = Debug|Any CPU
		{FC78BABF-1F7D-4285-A31D-461A56610F01}.Release|Any CPU.ActiveCfg = Release|Any CPU
		{FC78BABF-1F7D-4285-A31D-461A56610F01}.Release|Any CPU.Build.0 = Release|Any CPU
		{F1B98581-982D-4FE4-8A9C-7E68ECF8EDFC}.Debug|Any CPU.ActiveCfg = Debug|Any CPU
		{F1B98581-982D-4FE4-8A9C-7E68ECF8EDFC}.Debug|Any CPU.Build.0 = Debug|Any CPU
		{F1B98581-982D-4FE4-8A9C-7E68ECF8EDFC}.Release|Any CPU.ActiveCfg = Release|Any CPU
		{F1B98581-982D-4FE4-8A9C-7E68ECF8EDFC}.Release|Any CPU.Build.0 = Release|Any CPU
		{B4DE28E3-A4EC-4072-9106-C389A8BC8D13}.Debug|Any CPU.ActiveCfg = Debug|Any CPU
		{B4DE28E3-A4EC-4072-9106-C389A8BC8D13}.Debug|Any CPU.Build.0 = Debug|Any CPU
		{B4DE28E3-A4EC-4072-9106-C389A8BC8D13}.Release|Any CPU.ActiveCfg = Release|Any CPU
		{B4DE28E3-A4EC-4072-9106-C389A8BC8D13}.Release|Any CPU.Build.0 = Release|Any CPU
		{C47F41D1-F772-4197-9745-03D6C71BABD2}.Debug|Any CPU.ActiveCfg = Debug|Any CPU
		{C47F41D1-F772-4197-9745-03D6C71BABD2}.Debug|Any CPU.Build.0 = Debug|Any CPU
		{C47F41D1-F772-4197-9745-03D6C71BABD2}.Release|Any CPU.ActiveCfg = Release|Any CPU
		{C47F41D1-F772-4197-9745-03D6C71BABD2}.Release|Any CPU.Build.0 = Release|Any CPU
		{0939145E-80E1-475C-B776-1F0674763C76}.Debug|Any CPU.ActiveCfg = Debug|Any CPU
		{0939145E-80E1-475C-B776-1F0674763C76}.Debug|Any CPU.Build.0 = Debug|Any CPU
		{0939145E-80E1-475C-B776-1F0674763C76}.Release|Any CPU.ActiveCfg = Release|Any CPU
		{0939145E-80E1-475C-B776-1F0674763C76}.Release|Any CPU.Build.0 = Release|Any CPU
		{CE49E776-23A6-459A-A6A5-7C22728165D8}.Debug|Any CPU.ActiveCfg = Debug|Any CPU
		{CE49E776-23A6-459A-A6A5-7C22728165D8}.Debug|Any CPU.Build.0 = Debug|Any CPU
		{CE49E776-23A6-459A-A6A5-7C22728165D8}.Release|Any CPU.ActiveCfg = Release|Any CPU
		{CE49E776-23A6-459A-A6A5-7C22728165D8}.Release|Any CPU.Build.0 = Release|Any CPU
		{4D71D4F2-8D89-4B82-B6E8-DC3C06B2A9A5}.Debug|Any CPU.ActiveCfg = Debug|Any CPU
		{4D71D4F2-8D89-4B82-B6E8-DC3C06B2A9A5}.Debug|Any CPU.Build.0 = Debug|Any CPU
		{4D71D4F2-8D89-4B82-B6E8-DC3C06B2A9A5}.Release|Any CPU.ActiveCfg = Release|Any CPU
		{4D71D4F2-8D89-4B82-B6E8-DC3C06B2A9A5}.Release|Any CPU.Build.0 = Release|Any CPU
		{2F88ED23-F67C-40A7-BBCA-4BE832297D09}.Debug|Any CPU.ActiveCfg = Debug|Any CPU
		{2F88ED23-F67C-40A7-BBCA-4BE832297D09}.Debug|Any CPU.Build.0 = Debug|Any CPU
		{2F88ED23-F67C-40A7-BBCA-4BE832297D09}.Release|Any CPU.ActiveCfg = Release|Any CPU
		{2F88ED23-F67C-40A7-BBCA-4BE832297D09}.Release|Any CPU.Build.0 = Release|Any CPU
	EndGlobalSection
	GlobalSection(SolutionProperties) = preSolution
		HideSolutionNode = FALSE
	EndGlobalSection
	GlobalSection(NestedProjects) = preSolution
		{79121C4D-A82C-4AED-8454-7C6847F762D3} = {97AEAED8-CB6C-4999-84AB-635F1A1B6569}
		{CD19E2E6-58B3-4324-A316-D38CAEE2797C} = {D15155DC-27D2-4420-AED4-8D3AE1992B13}
		{D4CC6ADE-3C5B-4898-A9D0-CEB6A550FBC4} = {B5B36E54-DAA0-4570-B379-C228C7D35721}
		{AF089143-90AE-456D-9DE5-B467D31B1274} = {B5B36E54-DAA0-4570-B379-C228C7D35721}
		{6FB4F052-12A3-44AA-8E91-ED174FF0D2BE} = {B5B36E54-DAA0-4570-B379-C228C7D35721}
		{3A614156-14E0-4F32-902B-19188E1B6F51} = {01DEF706-BD21-44F5-A542-48E163390EF3}
		{FC78BABF-1F7D-4285-A31D-461A56610F01} = {01DEF706-BD21-44F5-A542-48E163390EF3}
		{F1B98581-982D-4FE4-8A9C-7E68ECF8EDFC} = {01DEF706-BD21-44F5-A542-48E163390EF3}
		{B4DE28E3-A4EC-4072-9106-C389A8BC8D13} = {067E026E-64FD-4956-9055-4FA581FA5998}
		{C47F41D1-F772-4197-9745-03D6C71BABD2} = {067E026E-64FD-4956-9055-4FA581FA5998}
		{0939145E-80E1-475C-B776-1F0674763C76} = {067E026E-64FD-4956-9055-4FA581FA5998}
		{CE49E776-23A6-459A-A6A5-7C22728165D8} = {ACA92833-521A-4787-8A01-8E5EF6FD7344}
		{4D71D4F2-8D89-4B82-B6E8-DC3C06B2A9A5} = {ACA92833-521A-4787-8A01-8E5EF6FD7344}
		{2F88ED23-F67C-40A7-BBCA-4BE832297D09} = {ACA92833-521A-4787-8A01-8E5EF6FD7344}
	EndGlobalSection
	GlobalSection(ExtensibilityGlobals) = postSolution
		SolutionGuid = {C58EBACF-91C1-447B-A11A-80954EE6A29A}
	EndGlobalSection
EndGlobal
